<?xml version="1.0" encoding="utf-8"?>
<Project ToolsVersion="4.0" xmlns="http://schemas.microsoft.com/developer/msbuild/2003">
  <ItemGroup>
    <ClCompile Include="SAMP SDK\amxplugin.cpp">
      <Filter>SAMP SDK Wrapper\SAMP SDK</Filter>
    </ClCompile>
    <ClCompile Include="main.cpp" />
    <ClCompile Include="sampgdk.c" />
    <ClCompile Include="Debug.cpp">
      <Filter>Framework\Debug</Filter>
    </ClCompile>
    <ClCompile Include="JSONDocument.cpp">
      <Filter>Framework\Json</Filter>
    </ClCompile>
    <ClCompile Include="Exceptions.cpp">
      <Filter>Framework\Diagnostics</Filter>
    </ClCompile>
    <ClCompile Include="Diagnostics.cpp">
      <Filter>Framework\Diagnostics</Filter>
    </ClCompile>
    <ClCompile Include="Gamemode.cpp">
      <Filter>SAMP SDK Wrapper\GameMode</Filter>
    </ClCompile>
    <ClCompile Include="Quaternion.cpp">
      <Filter>Framework\Data Types\Quaternion</Filter>
    </ClCompile>
    <ClCompile Include="Vector3.cpp">
      <Filter>Framework\Data Types\Vector3</Filter>
    </ClCompile>
    <ClCompile Include="GameObject.cpp">
      <Filter>SAMP SDK Wrapper\GameObject</Filter>
    </ClCompile>
    <ClCompile Include="Delegate.cpp">
      <Filter>Framework\Generics\Delegate</Filter>
    </ClCompile>
    <ClCompile Include="Component.cpp">
      <Filter>SAMP SDK Wrapper\GameObject</Filter>
    </ClCompile>
    <ClCompile Include="Player.cpp">
      <Filter>SAMP SDK Wrapper\Player</Filter>
    </ClCompile>
    <ClCompile Include="SAMP SDK.cpp">
      <Filter>SAMP SDK Wrapper</Filter>
    </ClCompile>
    <ClCompile Include="Vehicle.cpp">
      <Filter>SAMP SDK Wrapper\Vehicle</Filter>
    </ClCompile>
    <ClCompile Include="SAMPExceptions.cpp">
      <Filter>SAMP SDK Wrapper\Exceptions</Filter>
    </ClCompile>
    <ClCompile Include="StackTrace.cpp">
      <Filter>Framework\Diagnostics</Filter>
    </ClCompile>
    <ClCompile Include="Thread.cpp">
      <Filter>Framework</Filter>
    </ClCompile>
    <ClCompile Include="Event System.cpp">
      <Filter>Framework\Event System</Filter>
    </ClCompile>
    <ClCompile Include="Int32.cpp">
      <Filter>Framework\Data Types\Int32</Filter>
    </ClCompile>
    <ClCompile Include="MethodInfo.cpp">
      <Filter>Framework\Diagnostics\Info Objects</Filter>
    </ClCompile>
    <ClCompile Include="ModuleInfo.cpp">
      <Filter>Framework\Diagnostics\Info Objects</Filter>
    </ClCompile>
  </ItemGroup>
  <ItemGroup>
    <ClInclude Include="SAMP SDK\plugin.h">
      <Filter>SAMP SDK Wrapper\SAMP SDK</Filter>
    </ClInclude>
    <ClInclude Include="SAMP SDK\plugincommon.h">
      <Filter>SAMP SDK Wrapper\SAMP SDK</Filter>
    </ClInclude>
    <ClInclude Include="main.h" />
    <ClInclude Include="sampgdk.h" />
    <ClInclude Include="SAMP SDK\amx\amx.h">
      <Filter>SAMP SDK Wrapper\SAMP SDK</Filter>
    </ClInclude>
    <ClInclude Include="SAMP SDK\amx\getch.h">
      <Filter>SAMP SDK Wrapper\SAMP SDK</Filter>
    </ClInclude>
    <ClInclude Include="SAMP SDK\amx\sclinux.h">
      <Filter>SAMP SDK Wrapper\SAMP SDK</Filter>
    </ClInclude>
    <ClInclude Include="resource.h" />
    <ClInclude Include="Debug.h">
      <Filter>Framework\Debug</Filter>
    </ClInclude>
    <ClInclude Include="JSONDocument.h">
      <Filter>Framework\Json</Filter>
    </ClInclude>
    <ClInclude Include="Array.h">
      <Filter>Framework\Generics\Array</Filter>
    </ClInclude>
    <ClInclude Include="Exceptions.h">
      <Filter>Framework\Diagnostics</Filter>
    </ClInclude>
    <ClInclude Include="Diagnostics.h">
      <Filter>Framework\Diagnostics</Filter>
    </ClInclude>
    <ClInclude Include="Delegate.h">
      <Filter>Framework\Generics\Delegate</Filter>
    </ClInclude>
    <ClInclude Include="Gamemode.h">
      <Filter>SAMP SDK Wrapper\GameMode</Filter>
    </ClInclude>
    <ClInclude Include="SAMP SDK.h">
      <Filter>SAMP SDK Wrapper</Filter>
    </ClInclude>
    <ClInclude Include="Framework.h">
      <Filter>Framework</Filter>
    </ClInclude>
    <ClInclude Include="Quaternion.h">
      <Filter>Framework\Data Types\Quaternion</Filter>
    </ClInclude>
    <ClInclude Include="Vector3.h">
      <Filter>Framework\Data Types\Vector3</Filter>
    </ClInclude>
    <ClInclude Include="GameObject.h">
      <Filter>SAMP SDK Wrapper\GameObject</Filter>
    </ClInclude>
    <ClInclude Include="Component.h">
      <Filter>SAMP SDK Wrapper\GameObject</Filter>
    </ClInclude>
    <ClInclude Include="Player.h">
      <Filter>SAMP SDK Wrapper\Player</Filter>
    </ClInclude>
    <ClInclude Include="Vehicle.h">
      <Filter>SAMP SDK Wrapper\Vehicle</Filter>
    </ClInclude>
    <ClInclude Include="SAMPExceptions.h">
      <Filter>SAMP SDK Wrapper\Exceptions</Filter>
    </ClInclude>
    <ClInclude Include="Stack.h">
      <Filter>Framework\Generics\Stack</Filter>
    </ClInclude>
    <ClInclude Include="StackTrace.h">
      <Filter>Framework\Diagnostics</Filter>
    </ClInclude>
    <ClInclude Include="Thread.h">
      <Filter>Framework</Filter>
    </ClInclude>
    <ClInclude Include="Console.h">
      <Filter>Framework\Console</Filter>
    </ClInclude>
    <ClInclude Include="Event System.h">
      <Filter>Framework\Event System</Filter>
    </ClInclude>
    <ClInclude Include="Int32.h">
      <Filter>Framework\Data Types\Int32</Filter>
    </ClInclude>
    <ClInclude Include="MethodInfo.h">
      <Filter>Framework\Diagnostics\Info Objects</Filter>
    </ClInclude>
    <ClInclude Include="TypeInfo.h">
      <Filter>Framework\Diagnostics\Info Objects</Filter>
    </ClInclude>
    <ClInclude Include="ModuleInfo.h">
      <Filter>Framework\Diagnostics\Info Objects</Filter>
    </ClInclude>
    <ClInclude Include="SymbolHelper.h">
      <Filter>Framework\Diagnostics</Filter>
    </ClInclude>
  </ItemGroup>
  <ItemGroup>
    <Filter Include="SAMP SDK Wrapper">
      <UniqueIdentifier>{25c6b3bf-7836-48a7-8acd-30af88465d1d}</UniqueIdentifier>
    </Filter>
    <Filter Include="SAMP SDK Wrapper\GameMode">
      <UniqueIdentifier>{e3cd667c-6b63-42e5-b46d-f4d5a18d16b3}</UniqueIdentifier>
    </Filter>
    <Filter Include="SAMP SDK Wrapper\SAMP SDK">
      <UniqueIdentifier>{b8491469-6cb4-46bc-8873-14a5e5d6c41e}</UniqueIdentifier>
    </Filter>
    <Filter Include="Framework">
      <UniqueIdentifier>{c2d47c67-ce5f-402b-85a7-ac95aabfa2a0}</UniqueIdentifier>
    </Filter>
    <Filter Include="Framework\Diagnostics">
      <UniqueIdentifier>{00db63b7-11f8-477e-94a0-0439aeb7ba0a}</UniqueIdentifier>
    </Filter>
    <Filter Include="Framework\Generics">
      <UniqueIdentifier>{78002b1f-4f7b-483c-bcc5-ab658927ef6f}</UniqueIdentifier>
    </Filter>
    <Filter Include="Framework\Generics\Array">
      <UniqueIdentifier>{db2f6388-887b-477b-ab59-a880076171d1}</UniqueIdentifier>
    </Filter>
    <Filter Include="Framework\Generics\Delegate">
      <UniqueIdentifier>{b0d8c5e3-731e-4d85-ac9d-f141a0f3bf61}</UniqueIdentifier>
    </Filter>
    <Filter Include="Framework\Json">
      <UniqueIdentifier>{d9f1539d-a9f8-4e50-8d68-83ed0fadc046}</UniqueIdentifier>
    </Filter>
    <Filter Include="Framework\Debug">
      <UniqueIdentifier>{fa12358e-7092-4b69-8e61-98b17fbcfc63}</UniqueIdentifier>
    </Filter>
    <Filter Include="Framework\Data Types">
      <UniqueIdentifier>{e9c0c934-7c19-4643-aa31-44491cc58068}</UniqueIdentifier>
    </Filter>
    <Filter Include="Framework\Data Types\Quaternion">
      <UniqueIdentifier>{7527ebfb-512a-4370-b76a-af8318949f8e}</UniqueIdentifier>
    </Filter>
    <Filter Include="Framework\Data Types\Vector3">
      <UniqueIdentifier>{2b000ffd-16b4-4077-9bd7-d3058f6de25c}</UniqueIdentifier>
    </Filter>
    <Filter Include="SAMP SDK Wrapper\GameObject">
      <UniqueIdentifier>{7dd0b244-4de6-49ba-8ead-46062dd5e10b}</UniqueIdentifier>
    </Filter>
    <Filter Include="SAMP SDK Wrapper\Player">
      <UniqueIdentifier>{4e1a8484-eed7-4def-85c9-5ef19318983a}</UniqueIdentifier>
    </Filter>
    <Filter Include="SAMP SDK Wrapper\Vehicle">
      <UniqueIdentifier>{d071d396-e207-4fb1-a4df-32392a010d01}</UniqueIdentifier>
    </Filter>
    <Filter Include="SAMP SDK Wrapper\Exceptions">
      <UniqueIdentifier>{0e5bae8d-bf13-46a0-bc9d-2788367f794a}</UniqueIdentifier>
    </Filter>
    <Filter Include="Framework\Generics\Stack">
      <UniqueIdentifier>{8b6b7983-33c3-4be0-9c84-4ea5c2ccb866}</UniqueIdentifier>
    </Filter>
    <Filter Include="Framework\Diagnostics\Info Objects">
      <UniqueIdentifier>{a48229ab-d076-4cf7-9783-8bf7731917ee}</UniqueIdentifier>
    </Filter>
    <Filter Include="Framework\Console">
      <UniqueIdentifier>{d6d20adf-e1d6-4c43-9ee2-27fd801d1428}</UniqueIdentifier>
    </Filter>
    <Filter Include="Framework\Event System">
      <UniqueIdentifier>{b4b5c9e0-16ed-4e34-b58b-f95cb70947f0}</UniqueIdentifier>
    </Filter>
    <Filter Include="Framework\Data Types\Int32">
      <UniqueIdentifier>{60c5ebf8-bb8a-436f-a075-e0f4547346a0}</UniqueIdentifier>
    </Filter>
  </ItemGroup>
  <ItemGroup>
    <None Include="SAMP SDK\README.md">
      <Filter>SAMP SDK Wrapper\SAMP SDK</Filter>
    </None>
    <None Include="Dll1.def" />
  </ItemGroup>
  <ItemGroup>
    <ResourceCompile Include="SAMP Server Template2.rc" />
  </ItemGroup>
</Project>